
Microsoft Visual Studio Solution File, Format Version 12.00
# Visual Studio 15
VisualStudioVersion = 15.0.26730.3
MinimumVisualStudioVersion = 10.0.40219.1
Project("{8BC9CEB8-8B4A-11D0-8D11-00A0C91BC942}") = "Labo1", "Labo1\Labo1.vcxproj", "{EAE68400-0307-4EF9-91A1-8BA27B543905}"
EndProject
Project("{8BC9CEB8-8B4A-11D0-8D11-00A0C91BC942}") = "Labo2", "Labo2\Labo2.vcxproj", "{747FB931-39FE-420A-9C45-50586EB6345F}"
EndProject
Project("{8BC9CEB8-8B4A-11D0-8D11-00A0C91BC942}") = "Labo3", "Labo3\Labo3.vcxproj", "{81512084-AD52-4AE0-A777-D0E92603788B}"
EndProject
Global
	GlobalSection(SolutionConfigurationPlatforms) = preSolution
		Debug|x64 = Debug|x64
		Debug|x86 = Debug|x86
		Release|x64 = Release|x64
		Release|x86 = Release|x86
	EndGlobalSection
	GlobalSection(ProjectConfigurationPlatforms) = postSolution
		{EAE68400-0307-4EF9-91A1-8BA27B543905}.Debug|x64.ActiveCfg = Debug|x64
		{EAE68400-0307-4EF9-91A1-8BA27B543905}.Debug|x64.Build.0 = Debug|x64
		{EAE68400-0307-4EF9-91A1-8BA27B543905}.Debug|x86.ActiveCfg = Debug|Win32
		{EAE68400-0307-4EF9-91A1-8BA27B543905}.Debug|x86.Build.0 = Debug|Win32
		{EAE68400-0307-4EF9-91A1-8BA27B543905}.Release|x64.ActiveCfg = Release|x64
		{EAE68400-0307-4EF9-91A1-8BA27B543905}.Release|x64.Build.0 = Release|x64
		{EAE68400-0307-4EF9-91A1-8BA27B543905}.Release|x86.ActiveCfg = Release|Win32
		{EAE68400-0307-4EF9-91A1-8BA27B543905}.Release|x86.Build.0 = Release|Win32
		{747FB931-39FE-420A-9C45-50586EB6345F}.Debug|x64.ActiveCfg = Debug|x64
		{747FB931-39FE-420A-9C45-50586EB6345F}.Debug|x64.Build.0 = Debug|x64
		{747FB931-39FE-420A-9C45-50586EB6345F}.Debug|x86.ActiveCfg = Debug|Win32
		{747FB931-39FE-420A-9C45-50586EB6345F}.Debug|x86.Build.0 = Debug|Win32
		{747FB931-39FE-420A-9C45-50586EB6345F}.Release|x64.ActiveCfg = Release|x64
		{747FB931-39FE-420A-9C45-50586EB6345F}.Release|x64.Build.0 = Release|x64
		{747FB931-39FE-420A-9C45-50586EB6345F}.Release|x86.ActiveCfg = Release|Win32
		{747FB931-39FE-420A-9C45-50586EB6345F}.Release|x86.Build.0 = Release|Win32
		{81512084-AD52-4AE0-A777-D0E92603788B}.Debug|x64.ActiveCfg = Debug|x64
		{81512084-AD52-4AE0-A777-D0E92603788B}.Debug|x64.Build.0 = Debug|x64
		{81512084-AD52-4AE0-A777-D0E92603788B}.Debug|x86.ActiveCfg = Debug|Win32
		{81512084-AD52-4AE0-A777-D0E92603788B}.Debug|x86.Build.0 = Debug|Win32
		{81512084-AD52-4AE0-A777-D0E92603788B}.Release|x64.ActiveCfg = Release|x64
		{81512084-AD52-4AE0-A777-D0E92603788B}.Release|x64.Build.0 = Release|x64
		{81512084-AD52-4AE0-A777-D0E92603788B}.Release|x86.ActiveCfg = Release|Win32
		{81512084-AD52-4AE0-A777-D0E92603788B}.Release|x86.Build.0 = Release|Win32
	EndGlobalSection
	GlobalSection(SolutionProperties) = preSolution
		HideSolutionNode = FALSE
	EndGlobalSection
	GlobalSection(ExtensibilityGlobals) = postSolution
		SolutionGuid = {7F4E1B9D-9671-4E4F-92CE-6348AD8C30A2}
	EndGlobalSection
EndGlobal
